
Microsoft Visual Studio Solution File, Format Version 12.00
# Visual Studio Version 17
VisualStudioVersion = 17.3.32819.101
MinimumVisualStudioVersion = 10.0.40219.1
Project("{FAE04EC0-301F-11D3-BF4B-00C04F79EFBC}") = "HelloApp", "HelloApp\HelloApp.csproj", "{BF85AD73-867A-4FD9-8991-BD3BD358EF72}"
EndProject
Global
	GlobalSection(SolutionConfigurationPlatforms) = preSolution
		Debug|Any CPU = Debug|Any CPU
		Release|Any CPU = Release|Any CPU
	EndGlobalSection
	GlobalSection(ProjectConfigurationPlatforms) = postSolution
		{BF85AD73-867A-4FD9-8991-BD3BD358EF72}.Debug|Any CPU.ActiveCfg = Debug|Any CPU
		{BF85AD73-867A-4FD9-8991-BD3BD358EF72}.Debug|Any CPU.Build.0 = Debug|Any CPU
		{BF85AD73-867A-4FD9-8991-BD3BD358EF72}.Release|Any CPU.ActiveCfg = Release|Any CPU
		{BF85AD73-867A-4FD9-8991-BD3BD358EF72}.Release|Any CPU.Build.0 = Release|Any CPU
	EndGlobalSection
	GlobalSection(SolutionProperties) = preSolution
		HideSolutionNode = FALSE
	EndGlobalSection
	GlobalSection(ExtensibilityGlobals) = postSolution
		SolutionGuid = {01679D71-0B6D-4DD3-ADBF-31A4577AEBB0}
	EndGlobalSection
EndGlobal
